
Microsoft Visual Studio Solution File, Format Version 12.00
# Visual Studio Express 15 for Windows Desktop
VisualStudioVersion = 15.0.28307.645
MinimumVisualStudioVersion = 10.0.40219.1
Project("{FAE04EC0-301F-11D3-BF4B-00C04F79EFBC}") = "UserInterface", "UserInterface\UserInterface.csproj", "{19FA8508-A713-4ABF-8971-300CA113F03B}"
EndProject
Project("{FAE04EC0-301F-11D3-BF4B-00C04F79EFBC}") = "DataAccessLayer", "DataAccessLayer\DataAccessLayer.csproj", "{CFC9D36A-B690-477B-A465-07A8AA54D000}"
EndProject
Global
	GlobalSection(SolutionConfigurationPlatforms) = preSolution
		Debug|Any CPU = Debug|Any CPU
		Release|Any CPU = Release|Any CPU
	EndGlobalSection
	GlobalSection(ProjectConfigurationPlatforms) = postSolution
		{19FA8508-A713-4ABF-8971-300CA113F03B}.Debug|Any CPU.ActiveCfg = Debug|Any CPU
		{19FA8508-A713-4ABF-8971-300CA113F03B}.Debug|Any CPU.Build.0 = Debug|Any CPU
		{19FA8508-A713-4ABF-8971-300CA113F03B}.Release|Any CPU.ActiveCfg = Release|Any CPU
		{19FA8508-A713-4ABF-8971-300CA113F03B}.Release|Any CPU.Build.0 = Release|Any CPU
		{CFC9D36A-B690-477B-A465-07A8AA54D000}.Debug|Any CPU.ActiveCfg = Debug|Any CPU
		{CFC9D36A-B690-477B-A465-07A8AA54D000}.Debug|Any CPU.Build.0 = Debug|Any CPU
		{CFC9D36A-B690-477B-A465-07A8AA54D000}.Release|Any CPU.ActiveCfg = Release|Any CPU
		{CFC9D36A-B690-477B-A465-07A8AA54D000}.Release|Any CPU.Build.0 = Release|Any CPU
	EndGlobalSection
	GlobalSection(SolutionProperties) = preSolution
		HideSolutionNode = FALSE
	EndGlobalSection
	GlobalSection(ExtensibilityGlobals) = postSolution
		SolutionGuid = {C8CEECC3-B570-4170-B0BD-A4E18182AB26}
	EndGlobalSection
EndGlobal
